
Microsoft Visual Studio Solution File, Format Version 12.00
# Visual Studio 14
VisualStudioVersion = 14.0.23107.0
MinimumVisualStudioVersion = 10.0.40219.1
Project("{FAE04EC0-301F-11D3-BF4B-00C04F79EFBC}") = "HelloWorld.UI", "HelloWorld.UI\HelloWorld.UI.csproj", "{DCDCC183-AFF0-4926-94DF-092F73DCBFAD}"
EndProject
Global
	GlobalSection(SolutionConfigurationPlatforms) = preSolution
		Debug|Any CPU = Debug|Any CPU
		Release|Any CPU = Release|Any CPU
	EndGlobalSection
	GlobalSection(ProjectConfigurationPlatforms) = postSolution
		{DCDCC183-AFF0-4926-94DF-092F73DCBFAD}.Debug|Any CPU.ActiveCfg = Debug|Any CPU
		{DCDCC183-AFF0-4926-94DF-092F73DCBFAD}.Debug|Any CPU.Build.0 = Debug|Any CPU
		{DCDCC183-AFF0-4926-94DF-092F73DCBFAD}.Release|Any CPU.ActiveCfg = Release|Any CPU
		{DCDCC183-AFF0-4926-94DF-092F73DCBFAD}.Release|Any CPU.Build.0 = Release|Any CPU
	EndGlobalSection
	GlobalSection(SolutionProperties) = preSolution
		HideSolutionNode = FALSE
	EndGlobalSection
EndGlobal
